
Microsoft Visual Studio Solution File, Format Version 12.00
# Visual Studio Version 17
VisualStudioVersion = 17.10.35122.118
MinimumVisualStudioVersion = 10.0.40219.1
Project("{9A19103F-16F7-4668-BE54-9A1E7A4F7556}") = "iFredCloud.Api", "iFredCloud.Api\iFredCloud.Api.csproj", "{B5F97AFE-D48F-48DC-86C1-7B3BEE89FB18}"
	ProjectSection(ProjectDependencies) = postProject
		{1F40A6BE-13B6-4263-968A-5BF26AF152C0} = {1F40A6BE-13B6-4263-968A-5BF26AF152C0}
		{96209D94-4607-431D-AEEA-A8F42A95781D} = {96209D94-4607-431D-AEEA-A8F42A95781D}
	EndProjectSection
EndProject
Project("{9A19103F-16F7-4668-BE54-9A1E7A4F7556}") = "iFredCloud.Data", "iFredCloud.Data\iFredCloud.Data.csproj", "{96209D94-4607-431D-AEEA-A8F42A95781D}"
	ProjectSection(ProjectDependencies) = postProject
		{1F40A6BE-13B6-4263-968A-5BF26AF152C0} = {1F40A6BE-13B6-4263-968A-5BF26AF152C0}
	EndProjectSection
EndProject
Project("{9A19103F-16F7-4668-BE54-9A1E7A4F7556}") = "iFredCloud.Core", "iFredCloud.Core\iFredCloud.Core.csproj", "{1F40A6BE-13B6-4263-968A-5BF26AF152C0}"
EndProject
Project("{FAE04EC0-301F-11D3-BF4B-00C04F79EFBC}") = "iFredApps.Lib", "..\iFredApps.Lib\iFredApps.Lib.csproj", "{7EA1649B-374F-48D7-BAE8-385D5216DC87}"
EndProject
Global
	GlobalSection(SolutionConfigurationPlatforms) = preSolution
		Debug|Any CPU = Debug|Any CPU
		Debug|x64 = Debug|x64
		Debug|x86 = Debug|x86
		Release|Any CPU = Release|Any CPU
		Release|x64 = Release|x64
		Release|x86 = Release|x86
	EndGlobalSection
	GlobalSection(ProjectConfigurationPlatforms) = postSolution
		{B5F97AFE-D48F-48DC-86C1-7B3BEE89FB18}.Debug|Any CPU.ActiveCfg = Debug|Any CPU
		{B5F97AFE-D48F-48DC-86C1-7B3BEE89FB18}.Debug|Any CPU.Build.0 = Debug|Any CPU
		{B5F97AFE-D48F-48DC-86C1-7B3BEE89FB18}.Debug|x64.ActiveCfg = Debug|Any CPU
		{B5F97AFE-D48F-48DC-86C1-7B3BEE89FB18}.Debug|x64.Build.0 = Debug|Any CPU
		{B5F97AFE-D48F-48DC-86C1-7B3BEE89FB18}.Debug|x86.ActiveCfg = Debug|Any CPU
		{B5F97AFE-D48F-48DC-86C1-7B3BEE89FB18}.Debug|x86.Build.0 = Debug|Any CPU
		{B5F97AFE-D48F-48DC-86C1-7B3BEE89FB18}.Release|Any CPU.ActiveCfg = Release|Any CPU
		{B5F97AFE-D48F-48DC-86C1-7B3BEE89FB18}.Release|Any CPU.Build.0 = Release|Any CPU
		{B5F97AFE-D48F-48DC-86C1-7B3BEE89FB18}.Release|x64.ActiveCfg = Release|Any CPU
		{B5F97AFE-D48F-48DC-86C1-7B3BEE89FB18}.Release|x64.Build.0 = Release|Any CPU
		{B5F97AFE-D48F-48DC-86C1-7B3BEE89FB18}.Release|x86.ActiveCfg = Release|Any CPU
		{B5F97AFE-D48F-48DC-86C1-7B3BEE89FB18}.Release|x86.Build.0 = Release|Any CPU
		{96209D94-4607-431D-AEEA-A8F42A95781D}.Debug|Any CPU.ActiveCfg = Debug|Any CPU
		{96209D94-4607-431D-AEEA-A8F42A95781D}.Debug|Any CPU.Build.0 = Debug|Any CPU
		{96209D94-4607-431D-AEEA-A8F42A95781D}.Debug|x64.ActiveCfg = Debug|Any CPU
		{96209D94-4607-431D-AEEA-A8F42A95781D}.Debug|x64.Build.0 = Debug|Any CPU
		{96209D94-4607-431D-AEEA-A8F42A95781D}.Debug|x86.ActiveCfg = Debug|Any CPU
		{96209D94-4607-431D-AEEA-A8F42A95781D}.Debug|x86.Build.0 = Debug|Any CPU
		{96209D94-4607-431D-AEEA-A8F42A95781D}.Release|Any CPU.ActiveCfg = Release|Any CPU
		{96209D94-4607-431D-AEEA-A8F42A95781D}.Release|Any CPU.Build.0 = Release|Any CPU
		{96209D94-4607-431D-AEEA-A8F42A95781D}.Release|x64.ActiveCfg = Release|Any CPU
		{96209D94-4607-431D-AEEA-A8F42A95781D}.Release|x64.Build.0 = Release|Any CPU
		{96209D94-4607-431D-AEEA-A8F42A95781D}.Release|x86.ActiveCfg = Release|Any CPU
		{96209D94-4607-431D-AEEA-A8F42A95781D}.Release|x86.Build.0 = Release|Any CPU
		{1F40A6BE-13B6-4263-968A-5BF26AF152C0}.Debug|Any CPU.ActiveCfg = Debug|Any CPU
		{1F40A6BE-13B6-4263-968A-5BF26AF152C0}.Debug|Any CPU.Build.0 = Debug|Any CPU
		{1F40A6BE-13B6-4263-968A-5BF26AF152C0}.Debug|x64.ActiveCfg = Debug|Any CPU
		{1F40A6BE-13B6-4263-968A-5BF26AF152C0}.Debug|x64.Build.0 = Debug|Any CPU
		{1F40A6BE-13B6-4263-968A-5BF26AF152C0}.Debug|x86.ActiveCfg = Debug|Any CPU
		{1F40A6BE-13B6-4263-968A-5BF26AF152C0}.Debug|x86.Build.0 = Debug|Any CPU
		{1F40A6BE-13B6-4263-968A-5BF26AF152C0}.Release|Any CPU.ActiveCfg = Release|Any CPU
		{1F40A6BE-13B6-4263-968A-5BF26AF152C0}.Release|Any CPU.Build.0 = Release|Any CPU
		{1F40A6BE-13B6-4263-968A-5BF26AF152C0}.Release|x64.ActiveCfg = Release|Any CPU
		{1F40A6BE-13B6-4263-968A-5BF26AF152C0}.Release|x64.Build.0 = Release|Any CPU
		{1F40A6BE-13B6-4263-968A-5BF26AF152C0}.Release|x86.ActiveCfg = Release|Any CPU
		{1F40A6BE-13B6-4263-968A-5BF26AF152C0}.Release|x86.Build.0 = Release|Any CPU
		{7EA1649B-374F-48D7-BAE8-385D5216DC87}.Debug|Any CPU.ActiveCfg = Debug|Any CPU
		{7EA1649B-374F-48D7-BAE8-385D5216DC87}.Debug|Any CPU.Build.0 = Debug|Any CPU
		{7EA1649B-374F-48D7-BAE8-385D5216DC87}.Debug|x64.ActiveCfg = Debug|Any CPU
		{7EA1649B-374F-48D7-BAE8-385D5216DC87}.Debug|x64.Build.0 = Debug|Any CPU
		{7EA1649B-374F-48D7-BAE8-385D5216DC87}.Debug|x86.ActiveCfg = Debug|Any CPU
		{7EA1649B-374F-48D7-BAE8-385D5216DC87}.Debug|x86.Build.0 = Debug|Any CPU
		{7EA1649B-374F-48D7-BAE8-385D5216DC87}.Release|Any CPU.ActiveCfg = Release|Any CPU
		{7EA1649B-374F-48D7-BAE8-385D5216DC87}.Release|Any CPU.Build.0 = Release|Any CPU
		{7EA1649B-374F-48D7-BAE8-385D5216DC87}.Release|x64.ActiveCfg = Release|Any CPU
		{7EA1649B-374F-48D7-BAE8-385D5216DC87}.Release|x64.Build.0 = Release|Any CPU
		{7EA1649B-374F-48D7-BAE8-385D5216DC87}.Release|x86.ActiveCfg = Release|Any CPU
		{7EA1649B-374F-48D7-BAE8-385D5216DC87}.Release|x86.Build.0 = Release|Any CPU
	EndGlobalSection
	GlobalSection(SolutionProperties) = preSolution
		HideSolutionNode = FALSE
	EndGlobalSection
	GlobalSection(ExtensibilityGlobals) = postSolution
		SolutionGuid = {0D043528-B191-4052-91C3-5DECEC08AAD4}
	EndGlobalSection
EndGlobal
